// !$*UTF8*$!
{
	archiveVersion = 1;
	classes = {
	};
	objectVersion = 46;
	objects = {

/* Begin PBXBuildFile section */
		942D163C1E577BEF0001421D /* AppDelegate.swift in Sources */ = {isa = PBXBuildFile; fileRef = 942D163B1E577BEF0001421D /* AppDelegate.swift */; };
		942D163E1E577BEF0001421D /* ViewController.swift in Sources */ = {isa = PBXBuildFile; fileRef = 942D163D1E577BEF0001421D /* ViewController.swift */; };
		942D16431E577BEF0001421D /* Assets.xcassets in Resources */ = {isa = PBXBuildFile; fileRef = 942D16421E577BEF0001421D /* Assets.xcassets */; };
		942D164E1E577FDB0001421D /* Interactor.swift in Sources */ = {isa = PBXBuildFile; fileRef = 942D164D1E577FDB0001421D /* Interactor.swift */; };
		942D16501E5780B50001421D /* ObjectWithImage.swift in Sources */ = {isa = PBXBuildFile; fileRef = 942D164F1E5780B50001421D /* ObjectWithImage.swift */; };
		942D16521E5781190001421D /* ObjectTableViewController.swift in Sources */ = {isa = PBXBuildFile; fileRef = 942D16511E5781190001421D /* ObjectTableViewController.swift */; };
		942D16541E5781660001421D /* ImageCollectionViewController.swift in Sources */ = {isa = PBXBuildFile; fileRef = 942D16531E5781660001421D /* ImageCollectionViewController.swift */; };
		942D16561E578D320001421D /* DatasourceLocal.swift in Sources */ = {isa = PBXBuildFile; fileRef = 942D16551E578D320001421D /* DatasourceLocal.swift */; };
		942D16581E582A480001421D /* ObjectTableViewCell.swift in Sources */ = {isa = PBXBuildFile; fileRef = 942D16571E582A480001421D /* ObjectTableViewCell.swift */; };
		942D165A1E58342C0001421D /* ImageCollectionViewCell.swift in Sources */ = {isa = PBXBuildFile; fileRef = 942D16591E58342B0001421D /* ImageCollectionViewCell.swift */; };
		9480D60D1E58508B00EA095A /* Main.storyboard in Resources */ = {isa = PBXBuildFile; fileRef = 9480D60B1E58508B00EA095A /* Main.storyboard */; };
		9480D6111E58511E00EA095A /* IMAG2665.jpg in Resources */ = {isa = PBXBuildFile; fileRef = 9480D6101E58511E00EA095A /* IMAG2665.jpg */; };
		9480D6161E58514300EA095A /* IMAG2671.jpg in Resources */ = {isa = PBXBuildFile; fileRef = 9480D6121E58514300EA095A /* IMAG2671.jpg */; };
		9480D6171E58514300EA095A /* IMAG2684.jpg in Resources */ = {isa = PBXBuildFile; fileRef = 9480D6131E58514300EA095A /* IMAG2684.jpg */; };
		9480D6181E58514300EA095A /* IMAG2688.jpg in Resources */ = {isa = PBXBuildFile; fileRef = 9480D6141E58514300EA095A /* IMAG2688.jpg */; };
		9480D6191E58514300EA095A /* IMAG2689.jpg in Resources */ = {isa = PBXBuildFile; fileRef = 9480D6151E58514300EA095A /* IMAG2689.jpg */; };
		BDEA34F081ECFAF8D61E79F6 /* Pods_photoapp.framework in Frameworks */ = {isa = PBXBuildFile; fileRef = CE2F652361E3EF7D578B5419 /* Pods_photoapp.framework */; };
/* End PBXBuildFile section */

/* Begin PBXFileReference section */
		1BE850A1852FCE2E8893DDD8 /* Pods-photoapp.release.xcconfig */ = {isa = PBXFileReference; includeInIndex = 1; lastKnownFileType = text.xcconfig; name = "Pods-photoapp.release.xcconfig"; path = "Pods/Target Support Files/Pods-photoapp/Pods-photoapp.release.xcconfig"; sourceTree = "<group>"; };
		2B0B402B8F3ABF1902A182EF /* Pods-photoapp.debug.xcconfig */ = {isa = PBXFileReference; includeInIndex = 1; lastKnownFileType = text.xcconfig; name = "Pods-photoapp.debug.xcconfig"; path = "Pods/Target Support Files/Pods-photoapp/Pods-photoapp.debug.xcconfig"; sourceTree = "<group>"; };
		942D16381E577BEF0001421D /* photoapp.app */ = {isa = PBXFileReference; explicitFileType = wrapper.application; includeInIndex = 0; path = photoapp.app; sourceTree = BUILT_PRODUCTS_DIR; };
		942D163B1E577BEF0001421D /* AppDelegate.swift */ = {isa = PBXFileReference; lastKnownFileType = sourcecode.swift; path = AppDelegate.swift; sourceTree = "<group>"; };
		942D163D1E577BEF0001421D /* ViewController.swift */ = {isa = PBXFileReference; lastKnownFileType = sourcecode.swift; path = ViewController.swift; sourceTree = "<group>"; };
		942D16421E577BEF0001421D /* Assets.xcassets */ = {isa = PBXFileReference; lastKnownFileType = folder.assetcatalog; path = Assets.xcassets; sourceTree = "<group>"; };
		942D16471E577BEF0001421D /* Info.plist */ = {isa = PBXFileReference; lastKnownFileType = text.plist.xml; path = Info.plist; sourceTree = "<group>"; };
		942D164D1E577FDB0001421D /* Interactor.swift */ = {isa = PBXFileReference; fileEncoding = 4; lastKnownFileType = sourcecode.swift; path = Interactor.swift; sourceTree = "<group>"; };
		942D164F1E5780B50001421D /* ObjectWithImage.swift */ = {isa = PBXFileReference; fileEncoding = 4; lastKnownFileType = sourcecode.swift; path = ObjectWithImage.swift; sourceTree = "<group>"; };
		942D16511E5781190001421D /* ObjectTableViewController.swift */ = {isa = PBXFileReference; fileEncoding = 4; lastKnownFileType = sourcecode.swift; path = ObjectTableViewController.swift; sourceTree = "<group>"; };
		942D16531E5781660001421D /* ImageCollectionViewController.swift */ = {isa = PBXFileReference; fileEncoding = 4; lastKnownFileType = sourcecode.swift; path = ImageCollectionViewController.swift; sourceTree = "<group>"; };
		942D16551E578D320001421D /* DatasourceLocal.swift */ = {isa = PBXFileReference; fileEncoding = 4; lastKnownFileType = sourcecode.swift; path = DatasourceLocal.swift; sourceTree = "<group>"; };
		942D16571E582A480001421D /* ObjectTableViewCell.swift */ = {isa = PBXFileReference; fileEncoding = 4; lastKnownFileType = sourcecode.swift; path = ObjectTableViewCell.swift; sourceTree = "<group>"; };
		942D16591E58342B0001421D /* ImageCollectionViewCell.swift */ = {isa = PBXFileReference; fileEncoding = 4; lastKnownFileType = sourcecode.swift; path = ImageCollectionViewCell.swift; sourceTree = "<group>"; };
		9480D60C1E58508B00EA095A /* Base */ = {isa = PBXFileReference; lastKnownFileType = file.storyboard; name = Base; path = Base.lproj/Main.storyboard; sourceTree = "<group>"; };
		9480D6101E58511E00EA095A /* IMAG2665.jpg */ = {isa = PBXFileReference; lastKnownFileType = image.jpeg; path = IMAG2665.jpg; sourceTree = "<group>"; };
		9480D6121E58514300EA095A /* IMAG2671.jpg */ = {isa = PBXFileReference; lastKnownFileType = image.jpeg; path = IMAG2671.jpg; sourceTree = "<group>"; };
		9480D6131E58514300EA095A /* IMAG2684.jpg */ = {isa = PBXFileReference; lastKnownFileType = image.jpeg; path = IMAG2684.jpg; sourceTree = "<group>"; };
		9480D6141E58514300EA095A /* IMAG2688.jpg */ = {isa = PBXFileReference; lastKnownFileType = image.jpeg; path = IMAG2688.jpg; sourceTree = "<group>"; };
		9480D6151E58514300EA095A /* IMAG2689.jpg */ = {isa = PBXFileReference; lastKnownFileType = image.jpeg; path = IMAG2689.jpg; sourceTree = "<group>"; };
		CE2F652361E3EF7D578B5419 /* Pods_photoapp.framework */ = {isa = PBXFileReference; explicitFileType = wrapper.framework; includeInIndex = 0; path = Pods_photoapp.framework; sourceTree = BUILT_PRODUCTS_DIR; };
/* End PBXFileReference section */

/* Begin PBXFrameworksBuildPhase section */
		942D16351E577BEF0001421D /* Frameworks */ = {
			isa = PBXFrameworksBuildPhase;
			buildActionMask = 2147483647;
			files = (
				BDEA34F081ECFAF8D61E79F6 /* Pods_photoapp.framework in Frameworks */,
			);
			runOnlyForDeploymentPostprocessing = 0;
		};
/* End PBXFrameworksBuildPhase section */

/* Begin PBXGroup section */
		54C2B237200BCE4FBE49EE67 /* Pods */ = {
			isa = PBXGroup;
			children = (
				2B0B402B8F3ABF1902A182EF /* Pods-photoapp.debug.xcconfig */,
				1BE850A1852FCE2E8893DDD8 /* Pods-photoapp.release.xcconfig */,
			);
			name = Pods;
			sourceTree = "<group>";
		};
		942D162F1E577BEF0001421D = {
			isa = PBXGroup;
			children = (
				942D163A1E577BEF0001421D /* photoapp */,
				942D16391E577BEF0001421D /* Products */,
				54C2B237200BCE4FBE49EE67 /* Pods */,
				D8F708C89215966566857E25 /* Frameworks */,
			);
			sourceTree = "<group>";
		};
		942D16391E577BEF0001421D /* Products */ = {
			isa = PBXGroup;
			children = (
				942D16381E577BEF0001421D /* photoapp.app */,
			);
			name = Products;
			sourceTree = "<group>";
		};
		942D163A1E577BEF0001421D /* photoapp */ = {
			isa = PBXGroup;
			children = (
				942D163B1E577BEF0001421D /* AppDelegate.swift */,
				942D163D1E577BEF0001421D /* ViewController.swift */,
				9480D60B1E58508B00EA095A /* Main.storyboard */,
				942D16421E577BEF0001421D /* Assets.xcassets */,
				942D16471E577BEF0001421D /* Info.plist */,
				942D164D1E577FDB0001421D /* Interactor.swift */,
				942D164F1E5780B50001421D /* ObjectWithImage.swift */,
				942D16511E5781190001421D /* ObjectTableViewController.swift */,
				942D16531E5781660001421D /* ImageCollectionViewController.swift */,
				942D16551E578D320001421D /* DatasourceLocal.swift */,
				942D16571E582A480001421D /* ObjectTableViewCell.swift */,
				942D16591E58342B0001421D /* ImageCollectionViewCell.swift */,
				9480D6101E58511E00EA095A /* IMAG2665.jpg */,
				9480D6121E58514300EA095A /* IMAG2671.jpg */,
				9480D6131E58514300EA095A /* IMAG2684.jpg */,
				9480D6141E58514300EA095A /* IMAG2688.jpg */,
				9480D6151E58514300EA095A /* IMAG2689.jpg */,
			);
			path = photoapp;
			sourceTree = "<group>";
		};
		D8F708C89215966566857E25 /* Frameworks */ = {
			isa = PBXGroup;
			children = (
				CE2F652361E3EF7D578B5419 /* Pods_photoapp.framework */,
			);
			name = Frameworks;
			sourceTree = "<group>";
		};
/* End PBXGroup section */

/* Begin PBXNativeTarget section */
		942D16371E577BEF0001421D /* photoapp */ = {
			isa = PBXNativeTarget;
			buildConfigurationList = 942D164A1E577BEF0001421D /* Build configuration list for PBXNativeTarget "photoapp" */;
			buildPhases = (
				E072CA4AF8C922E9E709A709 /* 📦 Check Pods Manifest.lock */,
				942D16341E577BEF0001421D /* Sources */,
				942D16351E577BEF0001421D /* Frameworks */,
				942D16361E577BEF0001421D /* Resources */,
				2E797EA784C7A32728714FB6 /* 📦 Embed Pods Frameworks */,
				7206DB035391716B905E8F3E /* 📦 Copy Pods Resources */,
			);
			buildRules = (
			);
			dependencies = (
			);
			name = photoapp;
			productName = photoapp;
			productReference = 942D16381E577BEF0001421D /* photoapp.app */;
			productType = "com.apple.product-type.application";
		};
/* End PBXNativeTarget section */

/* Begin PBXProject section */
		942D16301E577BEF0001421D /* Project object */ = {
			isa = PBXProject;
			attributes = {
				LastSwiftUpdateCheck = 0820;
				LastUpgradeCheck = 0820;
				ORGANIZATIONNAME = "Maxim Abakumov";
				TargetAttributes = {
					942D16371E577BEF0001421D = {
						CreatedOnToolsVersion = 8.2.1;
						DevelopmentTeam = V89XV7JPM2;
						ProvisioningStyle = Automatic;
					};
				};
			};
			buildConfigurationList = 942D16331E577BEF0001421D /* Build configuration list for PBXProject "photoapp" */;
			compatibilityVersion = "Xcode 3.2";
			developmentRegion = English;
			hasScannedForEncodings = 0;
			knownRegions = (
				en,
				Base,
			);
			mainGroup = 942D162F1E577BEF0001421D;
			productRefGroup = 942D16391E577BEF0001421D /* Products */;
			projectDirPath = "";
			projectRoot = "";
			targets = (
				942D16371E577BEF0001421D /* photoapp */,
			);
		};
/* End PBXProject section */

/* Begin PBXResourcesBuildPhase section */
		942D16361E577BEF0001421D /* Resources */ = {
			isa = PBXResourcesBuildPhase;
			buildActionMask = 2147483647;
			files = (
				9480D6171E58514300EA095A /* IMAG2684.jpg in Resources */,
				9480D6181E58514300EA095A /* IMAG2688.jpg in Resources */,
				9480D6191E58514300EA095A /* IMAG2689.jpg in Resources */,
				9480D6111E58511E00EA095A /* IMAG2665.jpg in Resources */,
				9480D6161E58514300EA095A /* IMAG2671.jpg in Resources */,
				9480D60D1E58508B00EA095A /* Main.storyboard in Resources */,
				942D16431E577BEF0001421D /* Assets.xcassets in Resources */,
			);
			runOnlyForDeploymentPostprocessing = 0;
		};
/* End PBXResourcesBuildPhase section */

/* Begin PBXShellScriptBuildPhase section */
		2E797EA784C7A32728714FB6 /* 📦 Embed Pods Frameworks */ = {
			isa = PBXShellScriptBuildPhase;
			buildActionMask = 2147483647;
			files = (
			);
			inputPaths = (
			);
			name = "📦 Embed Pods Frameworks";
			outputPaths = (
			);
			runOnlyForDeploymentPostprocessing = 0;
			shellPath = /bin/sh;
			shellScript = "\"${SRCROOT}/Pods/Target Support Files/Pods-photoapp/Pods-photoapp-frameworks.sh\"\n";
			showEnvVarsInLog = 0;
		};
		7206DB035391716B905E8F3E /* 📦 Copy Pods Resources */ = {
			isa = PBXShellScriptBuildPhase;
			buildActionMask = 2147483647;
			files = (
			);
			inputPaths = (
			);
			name = "📦 Copy Pods Resources";
			outputPaths = (
			);
			runOnlyForDeploymentPostprocessing = 0;
			shellPath = /bin/sh;
			shellScript = "\"${SRCROOT}/Pods/Target Support Files/Pods-photoapp/Pods-photoapp-resources.sh\"\n";
			showEnvVarsInLog = 0;
		};
		E072CA4AF8C922E9E709A709 /* 📦 Check Pods Manifest.lock */ = {
			isa = PBXShellScriptBuildPhase;
			buildActionMask = 2147483647;
			files = (
			);
			inputPaths = (
			);
			name = "📦 Check Pods Manifest.lock";
			outputPaths = (
			);
			runOnlyForDeploymentPostprocessing = 0;
			shellPath = /bin/sh;
			shellScript = "diff \"${PODS_ROOT}/../Podfile.lock\" \"${PODS_ROOT}/Manifest.lock\" > /dev/null\nif [[ $? != 0 ]] ; then\n    cat << EOM\nerror: The sandbox is not in sync with the Podfile.lock. Run 'pod install' or update your CocoaPods installation.\nEOM\n    exit 1\nfi\n";
			showEnvVarsInLog = 0;
		};
/* End PBXShellScriptBuildPhase section */

/* Begin PBXSourcesBuildPhase section */
		942D16341E577BEF0001421D /* Sources */ = {
			isa = PBXSourcesBuildPhase;
			buildActionMask = 2147483647;
			files = (
				942D16541E5781660001421D /* ImageCollectionViewController.swift in Sources */,
				942D164E1E577FDB0001421D /* Interactor.swift in Sources */,
				942D163E1E577BEF0001421D /* ViewController.swift in Sources */,
				942D16501E5780B50001421D /* ObjectWithImage.swift in Sources */,
				942D163C1E577BEF0001421D /* AppDelegate.swift in Sources */,
				942D16561E578D320001421D /* DatasourceLocal.swift in Sources */,
				942D165A1E58342C0001421D /* ImageCollectionViewCell.swift in Sources */,
				942D16581E582A480001421D /* ObjectTableViewCell.swift in Sources */,
				942D16521E5781190001421D /* ObjectTableViewController.swift in Sources */,
			);
			runOnlyForDeploymentPostprocessing = 0;
		};
/* End PBXSourcesBuildPhase section */

/* Begin PBXVariantGroup section */
		9480D60B1E58508B00EA095A /* Main.storyboard */ = {
			isa = PBXVariantGroup;
			children = (
				9480D60C1E58508B00EA095A /* Base */,
			);
			name = Main.storyboard;
			sourceTree = "<group>";
		};
/* End PBXVariantGroup section */

/* Begin XCBuildConfiguration section */
		942D16481E577BEF0001421D /* Debug */ = {
			isa = XCBuildConfiguration;
			buildSettings = {
				ALWAYS_SEARCH_USER_PATHS = NO;
				CLANG_ANALYZER_NONNULL = YES;
				CLANG_CXX_LANGUAGE_STANDARD = "gnu++0x";
				CLANG_CXX_LIBRARY = "libc++";
				CLANG_ENABLE_MODULES = YES;
				CLANG_ENABLE_OBJC_ARC = YES;
				CLANG_WARN_BOOL_CONVERSION = YES;
				CLANG_WARN_CONSTANT_CONVERSION = YES;
				CLANG_WARN_DIRECT_OBJC_ISA_USAGE = YES_ERROR;
				CLANG_WARN_DOCUMENTATION_COMMENTS = YES;
				CLANG_WARN_EMPTY_BODY = YES;
				CLANG_WARN_ENUM_CONVERSION = YES;
				CLANG_WARN_INFINITE_RECURSION = YES;
				CLANG_WARN_INT_CONVERSION = YES;
				CLANG_WARN_OBJC_ROOT_CLASS = YES_ERROR;
				CLANG_WARN_SUSPICIOUS_MOVE = YES;
				CLANG_WARN_UNREACHABLE_CODE = YES;
				CLANG_WARN__DUPLICATE_METHOD_MATCH = YES;
				"CODE_SIGN_IDENTITY[sdk=iphoneos*]" = "iPhone Developer";
				COPY_PHASE_STRIP = NO;
				DEBUG_INFORMATION_FORMAT = dwarf;
				ENABLE_STRICT_OBJC_MSGSEND = YES;
				ENABLE_TESTABILITY = YES;
				GCC_C_LANGUAGE_STANDARD = gnu99;
				GCC_DYNAMIC_NO_PIC = NO;
				GCC_NO_COMMON_BLOCKS = YES;
				GCC_OPTIMIZATION_LEVEL = 0;
				GCC_PREPROCESSOR_DEFINITIONS = (
					"DEBUG=1",
					"$(inherited)",
				);
				GCC_WARN_64_TO_32_BIT_CONVERSION = YES;
				GCC_WARN_ABOUT_RETURN_TYPE = YES_ERROR;
				GCC_WARN_UNDECLARED_SELECTOR = YES;
				GCC_WARN_UNINITIALIZED_AUTOS = YES_AGGRESSIVE;
				GCC_WARN_UNUSED_FUNCTION = YES;
				GCC_WARN_UNUSED_VARIABLE = YES;
				IPHONEOS_DEPLOYMENT_TARGET = 10.2;
				MTL_ENABLE_DEBUG_INFO = YES;
				ONLY_ACTIVE_ARCH = YES;
				SDKROOT = iphoneos;
				SWIFT_ACTIVE_COMPILATION_CONDITIONS = DEBUG;
				SWIFT_OPTIMIZATION_LEVEL = "-Onone";
				TARGETED_DEVICE_FAMILY = "1,2";
			};
			name = Debug;
		};
		942D16491E577BEF0001421D /* Release */ = {
			isa = XCBuildConfiguration;
			buildSettings = {
				ALWAYS_SEARCH_USER_PATHS = NO;
				CLANG_ANALYZER_NONNULL = YES;
				CLANG_CXX_LANGUAGE_STANDARD = "gnu++0x";
				CLANG_CXX_LIBRARY = "libc++";
				CLANG_ENABLE_MODULES = YES;
				CLANG_ENABLE_OBJC_ARC = YES;
				CLANG_WARN_BOOL_CONVERSION = YES;
				CLANG_WARN_CONSTANT_CONVERSION = YES;
				CLANG_WARN_DIRECT_OBJC_ISA_USAGE = YES_ERROR;
				CLANG_WARN_DOCUMENTATION_COMMENTS = YES;
				CLANG_WARN_EMPTY_BODY = YES;
				CLANG_WARN_ENUM_CONVERSION = YES;
				CLANG_WARN_INFINITE_RECURSION = YES;
				CLANG_WARN_INT_CONVERSION = YES;
				CLANG_WARN_OBJC_ROOT_CLASS = YES_ERROR;
				CLANG_WARN_SUSPICIOUS_MOVE = YES;
				CLANG_WARN_UNREACHABLE_CODE = YES;
				CLANG_WARN__DUPLICATE_METHOD_MATCH = YES;
				"CODE_SIGN_IDENTITY[sdk=iphoneos*]" = "iPhone Developer";
				COPY_PHASE_STRIP = NO;
				DEBUG_INFORMATION_FORMAT = "dwarf-with-dsym";
				ENABLE_NS_ASSERTIONS = NO;
				ENABLE_STRICT_OBJC_MSGSEND = YES;
				GCC_C_LANGUAGE_STANDARD = gnu99;
				GCC_NO_COMMON_BLOCKS = YES;
				GCC_WARN_64_TO_32_BIT_CONVERSION = YES;
				GCC_WARN_ABOUT_RETURN_TYPE = YES_ERROR;
				GCC_WARN_UNDECLARED_SELECTOR = YES;
				GCC_WARN_UNINITIALIZED_AUTOS = YES_AGGRESSIVE;
				GCC_WARN_UNUSED_FUNCTION = YES;
				GCC_WARN_UNUSED_VARIABLE = YES;
				IPHONEOS_DEPLOYMENT_TARGET = 10.2;
				MTL_ENABLE_DEBUG_INFO = NO;
				SDKROOT = iphoneos;
				SWIFT_OPTIMIZATION_LEVEL = "-Owholemodule";
				TARGETED_DEVICE_FAMILY = "1,2";
				VALIDATE_PRODUCT = YES;
			};
			name = Release;
		};
		942D164B1E577BEF0001421D /* Debug */ = {
			isa = XCBuildConfiguration;
			baseConfigurationReference = 2B0B402B8F3ABF1902A182EF /* Pods-photoapp.debug.xcconfig */;
			buildSettings = {
				ASSETCATALOG_COMPILER_APPICON_NAME = AppIcon;
				DEVELOPMENT_TEAM = V89XV7JPM2;
				INFOPLIST_FILE = photoapp/Info.plist;
				IPHONEOS_DEPLOYMENT_TARGET = 10.2;
				LD_RUNPATH_SEARCH_PATHS = "$(inherited) @executable_path/Frameworks";
				PRODUCT_BUNDLE_IDENTIFIER = com.maxim.photoapp;
				PRODUCT_NAME = "$(TARGET_NAME)";
				SWIFT_VERSION = 3.0;
			};
			name = Debug;
		};
		942D164C1E577BEF0001421D /* Release */ = {
			isa = XCBuildConfiguration;
			baseConfigurationReference = 1BE850A1852FCE2E8893DDD8 /* Pods-photoapp.release.xcconfig */;
			buildSettings = {
				ASSETCATALOG_COMPILER_APPICON_NAME = AppIcon;
				DEVELOPMENT_TEAM = V89XV7JPM2;
				INFOPLIST_FILE = photoapp/Info.plist;
				IPHONEOS_DEPLOYMENT_TARGET = 10.2;
				LD_RUNPATH_SEARCH_PATHS = "$(inherited) @executable_path/Frameworks";
				PRODUCT_BUNDLE_IDENTIFIER = com.maxim.photoapp;
				PRODUCT_NAME = "$(TARGET_NAME)";
				SWIFT_VERSION = 3.0;
			};
			name = Release;
		};
/* End XCBuildConfiguration section */

/* Begin XCConfigurationList section */
		942D16331E577BEF0001421D /* Build configuration list for PBXProject "photoapp" */ = {
			isa = XCConfigurationList;
			buildConfigurations = (
				942D16481E577BEF0001421D /* Debug */,
				942D16491E577BEF0001421D /* Release */,
			);
			defaultConfigurationIsVisible = 0;
			defaultConfigurationName = Release;
		};
		942D164A1E577BEF0001421D /* Build configuration list for PBXNativeTarget "photoapp" */ = {
			isa = XCConfigurationList;
			buildConfigurations = (
				942D164B1E577BEF0001421D /* Debug */,
				942D164C1E577BEF0001421D /* Release */,
			);
			defaultConfigurationIsVisible = 0;
			defaultConfigurationName = Release;
		};
/* End XCConfigurationList section */
	};
	rootObject = 942D16301E577BEF0001421D /* Project object */;
}
